
Microsoft Visual Studio Solution File, Format Version 12.00
# Visual Studio 2012
Project("{FAE04EC0-301F-11D3-BF4B-00C04F79EFBC}") = "151121_EnumDemo", "151121_EnumDemo.csproj", "{FEA233F0-7EE9-4852-BA59-8C786030367E}"
EndProject
Global
	GlobalSection(SolutionConfigurationPlatforms) = preSolution
		Debug|Any CPU = Debug|Any CPU
		Release|Any CPU = Release|Any CPU
	EndGlobalSection
	GlobalSection(ProjectConfigurationPlatforms) = postSolution
		{FEA233F0-7EE9-4852-BA59-8C786030367E}.Debug|Any CPU.ActiveCfg = Debug|Any CPU
		{FEA233F0-7EE9-4852-BA59-8C786030367E}.Debug|Any CPU.Build.0 = Debug|Any CPU
		{FEA233F0-7EE9-4852-BA59-8C786030367E}.Release|Any CPU.ActiveCfg = Release|Any CPU
		{FEA233F0-7EE9-4852-BA59-8C786030367E}.Release|Any CPU.Build.0 = Release|Any CPU
	EndGlobalSection
	GlobalSection(SolutionProperties) = preSolution
		HideSolutionNode = FALSE
	EndGlobalSection
EndGlobal
